// !$*UTF8*$!
{
	archiveVersion = 1;
	classes = {
	};
	objectVersion = 46;
	objects = {

/* Begin PBXBuildFile section */
		F3DC2C331F42F52F006EE291 /* AppDelegate.swift in Sources */ = {isa = PBXBuildFile; fileRef = F3DC2C321F42F52F006EE291 /* AppDelegate.swift */; };
		F3DC2C351F42F52F006EE291 /* ViewController.swift in Sources */ = {isa = PBXBuildFile; fileRef = F3DC2C341F42F52F006EE291 /* ViewController.swift */; };
		F3DC2C381F42F52F006EE291 /* Main.storyboard in Resources */ = {isa = PBXBuildFile; fileRef = F3DC2C361F42F52F006EE291 /* Main.storyboard */; };
		F3DC2C3A1F42F52F006EE291 /* Assets.xcassets in Resources */ = {isa = PBXBuildFile; fileRef = F3DC2C391F42F52F006EE291 /* Assets.xcassets */; };
		F3DC2C3D1F42F52F006EE291 /* LaunchScreen.storyboard in Resources */ = {isa = PBXBuildFile; fileRef = F3DC2C3B1F42F52F006EE291 /* LaunchScreen.storyboard */; };
		F3DC2C481F42F52F006EE291 /* ShowGitTests.swift in Sources */ = {isa = PBXBuildFile; fileRef = F3DC2C471F42F52F006EE291 /* ShowGitTests.swift */; };
		F3DC2C531F42F52F006EE291 /* ShowGitUITests.swift in Sources */ = {isa = PBXBuildFile; fileRef = F3DC2C521F42F52F006EE291 /* ShowGitUITests.swift */; };
/* End PBXBuildFile section */

/* Begin PBXContainerItemProxy section */
		F3DC2C441F42F52F006EE291 /* PBXContainerItemProxy */ = {
			isa = PBXContainerItemProxy;
			containerPortal = F3DC2C271F42F52F006EE291 /* Project object */;
			proxyType = 1;
			remoteGlobalIDString = F3DC2C2E1F42F52F006EE291;
			remoteInfo = ShowGit;
		};
		F3DC2C4F1F42F52F006EE291 /* PBXContainerItemProxy */ = {
			isa = PBXContainerItemProxy;
			containerPortal = F3DC2C271F42F52F006EE291 /* Project object */;
			proxyType = 1;
			remoteGlobalIDString = F3DC2C2E1F42F52F006EE291;
			remoteInfo = ShowGit;
		};
/* End PBXContainerItemProxy section */

/* Begin PBXFileReference section */
		F3DC2C2F1F42F52F006EE291 /* ShowGit.app */ = {isa = PBXFileReference; explicitFileType = wrapper.application; includeInIndex = 0; path = ShowGit.app; sourceTree = BUILT_PRODUCTS_DIR; };
		F3DC2C321F42F52F006EE291 /* AppDelegate.swift */ = {isa = PBXFileReference; lastKnownFileType = sourcecode.swift; path = AppDelegate.swift; sourceTree = "<group>"; };
		F3DC2C341F42F52F006EE291 /* ViewController.swift */ = {isa = PBXFileReference; lastKnownFileType = sourcecode.swift; path = ViewController.swift; sourceTree = "<group>"; };
		F3DC2C371F42F52F006EE291 /* Base */ = {isa = PBXFileReference; lastKnownFileType = file.storyboard; name = Base; path = Base.lproj/Main.storyboard; sourceTree = "<group>"; };
		F3DC2C391F42F52F006EE291 /* Assets.xcassets */ = {isa = PBXFileReference; lastKnownFileType = folder.assetcatalog; path = Assets.xcassets; sourceTree = "<group>"; };
		F3DC2C3C1F42F52F006EE291 /* Base */ = {isa = PBXFileReference; lastKnownFileType = file.storyboard; name = Base; path = Base.lproj/LaunchScreen.storyboard; sourceTree = "<group>"; };
		F3DC2C3E1F42F52F006EE291 /* Info.plist */ = {isa = PBXFileReference; lastKnownFileType = text.plist.xml; path = Info.plist; sourceTree = "<group>"; };
		F3DC2C431F42F52F006EE291 /* ShowGitTests.xctest */ = {isa = PBXFileReference; explicitFileType = wrapper.cfbundle; includeInIndex = 0; path = ShowGitTests.xctest; sourceTree = BUILT_PRODUCTS_DIR; };
		F3DC2C471F42F52F006EE291 /* ShowGitTests.swift */ = {isa = PBXFileReference; lastKnownFileType = sourcecode.swift; path = ShowGitTests.swift; sourceTree = "<group>"; };
		F3DC2C491F42F52F006EE291 /* Info.plist */ = {isa = PBXFileReference; lastKnownFileType = text.plist.xml; path = Info.plist; sourceTree = "<group>"; };
		F3DC2C4E1F42F52F006EE291 /* ShowGitUITests.xctest */ = {isa = PBXFileReference; explicitFileType = wrapper.cfbundle; includeInIndex = 0; path = ShowGitUITests.xctest; sourceTree = BUILT_PRODUCTS_DIR; };
		F3DC2C521F42F52F006EE291 /* ShowGitUITests.swift */ = {isa = PBXFileReference; lastKnownFileType = sourcecode.swift; path = ShowGitUITests.swift; sourceTree = "<group>"; };
		F3DC2C541F42F52F006EE291 /* Info.plist */ = {isa = PBXFileReference; lastKnownFileType = text.plist.xml; path = Info.plist; sourceTree = "<group>"; };
/* End PBXFileReference section */

/* Begin PBXFrameworksBuildPhase section */
		F3DC2C2C1F42F52F006EE291 /* Frameworks */ = {
			isa = PBXFrameworksBuildPhase;
			buildActionMask = 2147483647;
			files = (
			);
			runOnlyForDeploymentPostprocessing = 0;
		};
		F3DC2C401F42F52F006EE291 /* Frameworks */ = {
			isa = PBXFrameworksBuildPhase;
			buildActionMask = 2147483647;
			files = (
			);
			runOnlyForDeploymentPostprocessing = 0;
		};
		F3DC2C4B1F42F52F006EE291 /* Frameworks */ = {
			isa = PBXFrameworksBuildPhase;
			buildActionMask = 2147483647;
			files = (
			);
			runOnlyForDeploymentPostprocessing = 0;
		};
/* End PBXFrameworksBuildPhase section */

/* Begin PBXGroup section */
		F3DC2C261F42F52F006EE291 = {
			isa = PBXGroup;
			children = (
				F3DC2C311F42F52F006EE291 /* ShowGit */,
				F3DC2C461F42F52F006EE291 /* ShowGitTests */,
				F3DC2C511F42F52F006EE291 /* ShowGitUITests */,
				F3DC2C301F42F52F006EE291 /* Products */,
			);
			sourceTree = "<group>";
		};
		F3DC2C301F42F52F006EE291 /* Products */ = {
			isa = PBXGroup;
			children = (
				F3DC2C2F1F42F52F006EE291 /* ShowGit.app */,
				F3DC2C431F42F52F006EE291 /* ShowGitTests.xctest */,
				F3DC2C4E1F42F52F006EE291 /* ShowGitUITests.xctest */,
			);
			name = Products;
			sourceTree = "<group>";
		};
		F3DC2C311F42F52F006EE291 /* ShowGit */ = {
			isa = PBXGroup;
			children = (
				F3DC2C321F42F52F006EE291 /* AppDelegate.swift */,
				F3DC2C341F42F52F006EE291 /* ViewController.swift */,
				F3DC2C361F42F52F006EE291 /* Main.storyboard */,
				F3DC2C391F42F52F006EE291 /* Assets.xcassets */,
				F3DC2C3B1F42F52F006EE291 /* LaunchScreen.storyboard */,
				F3DC2C3E1F42F52F006EE291 /* Info.plist */,
			);
			path = ShowGit;
			sourceTree = "<group>";
		};
		F3DC2C461F42F52F006EE291 /* ShowGitTests */ = {
			isa = PBXGroup;
			children = (
				F3DC2C471F42F52F006EE291 /* ShowGitTests.swift */,
				F3DC2C491F42F52F006EE291 /* Info.plist */,
			);
			path = ShowGitTests;
			sourceTree = "<group>";
		};
		F3DC2C511F42F52F006EE291 /* ShowGitUITests */ = {
			isa = PBXGroup;
			children = (
				F3DC2C521F42F52F006EE291 /* ShowGitUITests.swift */,
				F3DC2C541F42F52F006EE291 /* Info.plist */,
			);
			path = ShowGitUITests;
			sourceTree = "<group>";
		};
/* End PBXGroup section */

/* Begin PBXNativeTarget section */
		F3DC2C2E1F42F52F006EE291 /* ShowGit */ = {
			isa = PBXNativeTarget;
			buildConfigurationList = F3DC2C571F42F52F006EE291 /* Build configuration list for PBXNativeTarget "ShowGit" */;
			buildPhases = (
				F3DC2C2B1F42F52F006EE291 /* Sources */,
				F3DC2C2C1F42F52F006EE291 /* Frameworks */,
				F3DC2C2D1F42F52F006EE291 /* Resources */,
			);
			buildRules = (
			);
			dependencies = (
			);
			name = ShowGit;
			productName = ShowGit;
			productReference = F3DC2C2F1F42F52F006EE291 /* ShowGit.app */;
			productType = "com.apple.product-type.application";
		};
		F3DC2C421F42F52F006EE291 /* ShowGitTests */ = {
			isa = PBXNativeTarget;
			buildConfigurationList = F3DC2C5A1F42F52F006EE291 /* Build configuration list for PBXNativeTarget "ShowGitTests" */;
			buildPhases = (
				F3DC2C3F1F42F52F006EE291 /* Sources */,
				F3DC2C401F42F52F006EE291 /* Frameworks */,
				F3DC2C411F42F52F006EE291 /* Resources */,
			);
			buildRules = (
			);
			dependencies = (
				F3DC2C451F42F52F006EE291 /* PBXTargetDependency */,
			);
			name = ShowGitTests;
			productName = ShowGitTests;
			productReference = F3DC2C431F42F52F006EE291 /* ShowGitTests.xctest */;
			productType = "com.apple.product-type.bundle.unit-test";
		};
		F3DC2C4D1F42F52F006EE291 /* ShowGitUITests */ = {
			isa = PBXNativeTarget;
			buildConfigurationList = F3DC2C5D1F42F52F006EE291 /* Build configuration list for PBXNativeTarget "ShowGitUITests" */;
			buildPhases = (
				F3DC2C4A1F42F52F006EE291 /* Sources */,
				F3DC2C4B1F42F52F006EE291 /* Frameworks */,
				F3DC2C4C1F42F52F006EE291 /* Resources */,
			);
			buildRules = (
			);
			dependencies = (
				F3DC2C501F42F52F006EE291 /* PBXTargetDependency */,
			);
			name = ShowGitUITests;
			productName = ShowGitUITests;
			productReference = F3DC2C4E1F42F52F006EE291 /* ShowGitUITests.xctest */;
			productType = "com.apple.product-type.bundle.ui-testing";
		};
/* End PBXNativeTarget section */

/* Begin PBXProject section */
		F3DC2C271F42F52F006EE291 /* Project object */ = {
			isa = PBXProject;
			attributes = {
				LastSwiftUpdateCheck = 0820;
				LastUpgradeCheck = 0820;
				ORGANIZATIONNAME = "衡申发";
				TargetAttributes = {
					F3DC2C2E1F42F52F006EE291 = {
						CreatedOnToolsVersion = 8.2.1;
						DevelopmentTeam = BSVL9F3FHA;
						ProvisioningStyle = Automatic;
					};
					F3DC2C421F42F52F006EE291 = {
						CreatedOnToolsVersion = 8.2.1;
						DevelopmentTeam = BSVL9F3FHA;
						ProvisioningStyle = Automatic;
						TestTargetID = F3DC2C2E1F42F52F006EE291;
					};
					F3DC2C4D1F42F52F006EE291 = {
						CreatedOnToolsVersion = 8.2.1;
						DevelopmentTeam = BSVL9F3FHA;
						ProvisioningStyle = Automatic;
						TestTargetID = F3DC2C2E1F42F52F006EE291;
					};
				};
			};
			buildConfigurationList = F3DC2C2A1F42F52F006EE291 /* Build configuration list for PBXProject "ShowGit" */;
			compatibilityVersion = "Xcode 3.2";
			developmentRegion = English;
			hasScannedForEncodings = 0;
			knownRegions = (
				en,
				Base,
			);
			mainGroup = F3DC2C261F42F52F006EE291;
			productRefGroup = F3DC2C301F42F52F006EE291 /* Products */;
			projectDirPath = "";
			projectRoot = "";
			targets = (
				F3DC2C2E1F42F52F006EE291 /* ShowGit */,
				F3DC2C421F42F52F006EE291 /* ShowGitTests */,
				F3DC2C4D1F42F52F006EE291 /* ShowGitUITests */,
			);
		};
/* End PBXProject section */

/* Begin PBXResourcesBuildPhase section */
		F3DC2C2D1F42F52F006EE291 /* Resources */ = {
			isa = PBXResourcesBuildPhase;
			buildActionMask = 2147483647;
			files = (
				F3DC2C3D1F42F52F006EE291 /* LaunchScreen.storyboard in Resources */,
				F3DC2C3A1F42F52F006EE291 /* Assets.xcassets in Resources */,
				F3DC2C381F42F52F006EE291 /* Main.storyboard in Resources */,
			);
			runOnlyForDeploymentPostprocessing = 0;
		};
		F3DC2C411F42F52F006EE291 /* Resources */ = {
			isa = PBXResourcesBuildPhase;
			buildActionMask = 2147483647;
			files = (
			);
			runOnlyForDeploymentPostprocessing = 0;
		};
		F3DC2C4C1F42F52F006EE291 /* Resources */ = {
			isa = PBXResourcesBuildPhase;
			buildActionMask = 2147483647;
			files = (
			);
			runOnlyForDeploymentPostprocessing = 0;
		};
/* End PBXResourcesBuildPhase section */

/* Begin PBXSourcesBuildPhase section */
		F3DC2C2B1F42F52F006EE291 /* Sources */ = {
			isa = PBXSourcesBuildPhase;
			buildActionMask = 2147483647;
			files = (
				F3DC2C351F42F52F006EE291 /* ViewController.swift in Sources */,
				F3DC2C331F42F52F006EE291 /* AppDelegate.swift in Sources */,
			);
			runOnlyForDeploymentPostprocessing = 0;
		};
		F3DC2C3F1F42F52F006EE291 /* Sources */ = {
			isa = PBXSourcesBuildPhase;
			buildActionMask = 2147483647;
			files = (
				F3DC2C481F42F52F006EE291 /* ShowGitTests.swift in Sources */,
			);
			runOnlyForDeploymentPostprocessing = 0;
		};
		F3DC2C4A1F42F52F006EE291 /* Sources */ = {
			isa = PBXSourcesBuildPhase;
			buildActionMask = 2147483647;
			files = (
				F3DC2C531F42F52F006EE291 /* ShowGitUITests.swift in Sources */,
			);
			runOnlyForDeploymentPostprocessing = 0;
		};
/* End PBXSourcesBuildPhase section */

/* Begin PBXTargetDependency section */
		F3DC2C451F42F52F006EE291 /* PBXTargetDependency */ = {
			isa = PBXTargetDependency;
			target = F3DC2C2E1F42F52F006EE291 /* ShowGit */;
			targetProxy = F3DC2C441F42F52F006EE291 /* PBXContainerItemProxy */;
		};
		F3DC2C501F42F52F006EE291 /* PBXTargetDependency */ = {
			isa = PBXTargetDependency;
			target = F3DC2C2E1F42F52F006EE291 /* ShowGit */;
			targetProxy = F3DC2C4F1F42F52F006EE291 /* PBXContainerItemProxy */;
		};
/* End PBXTargetDependency section */

/* Begin PBXVariantGroup section */
		F3DC2C361F42F52F006EE291 /* Main.storyboard */ = {
			isa = PBXVariantGroup;
			children = (
				F3DC2C371F42F52F006EE291 /* Base */,
			);
			name = Main.storyboard;
			sourceTree = "<group>";
		};
		F3DC2C3B1F42F52F006EE291 /* LaunchScreen.storyboard */ = {
			isa = PBXVariantGroup;
			children = (
				F3DC2C3C1F42F52F006EE291 /* Base */,
			);
			name = LaunchScreen.storyboard;
			sourceTree = "<group>";
		};
/* End PBXVariantGroup section */

/* Begin XCBuildConfiguration section */
		F3DC2C551F42F52F006EE291 /* Debug */ = {
			isa = XCBuildConfiguration;
			buildSettings = {
				ALWAYS_SEARCH_USER_PATHS = NO;
				CLANG_ANALYZER_NONNULL = YES;
				CLANG_CXX_LANGUAGE_STANDARD = "gnu++0x";
				CLANG_CXX_LIBRARY = "libc++";
				CLANG_ENABLE_MODULES = YES;
				CLANG_ENABLE_OBJC_ARC = YES;
				CLANG_WARN_BOOL_CONVERSION = YES;
				CLANG_WARN_CONSTANT_CONVERSION = YES;
				CLANG_WARN_DIRECT_OBJC_ISA_USAGE = YES_ERROR;
				CLANG_WARN_DOCUMENTATION_COMMENTS = YES;
				CLANG_WARN_EMPTY_BODY = YES;
				CLANG_WARN_ENUM_CONVERSION = YES;
				CLANG_WARN_INFINITE_RECURSION = YES;
				CLANG_WARN_INT_CONVERSION = YES;
				CLANG_WARN_OBJC_ROOT_CLASS = YES_ERROR;
				CLANG_WARN_SUSPICIOUS_MOVE = YES;
				CLANG_WARN_UNREACHABLE_CODE = YES;
				CLANG_WARN__DUPLICATE_METHOD_MATCH = YES;
				"CODE_SIGN_IDENTITY[sdk=iphoneos*]" = "iPhone Developer";
				COPY_PHASE_STRIP = NO;
				DEBUG_INFORMATION_FORMAT = dwarf;
				ENABLE_STRICT_OBJC_MSGSEND = YES;
				ENABLE_TESTABILITY = YES;
				GCC_C_LANGUAGE_STANDARD = gnu99;
				GCC_DYNAMIC_NO_PIC = NO;
				GCC_NO_COMMON_BLOCKS = YES;
				GCC_OPTIMIZATION_LEVEL = 0;
				GCC_PREPROCESSOR_DEFINITIONS = (
					"DEBUG=1",
					"$(inherited)",
				);
				GCC_WARN_64_TO_32_BIT_CONVERSION = YES;
				GCC_WARN_ABOUT_RETURN_TYPE = YES_ERROR;
				GCC_WARN_UNDECLARED_SELECTOR = YES;
				GCC_WARN_UNINITIALIZED_AUTOS = YES_AGGRESSIVE;
				GCC_WARN_UNUSED_FUNCTION = YES;
				GCC_WARN_UNUSED_VARIABLE = YES;
				IPHONEOS_DEPLOYMENT_TARGET = 10.2;
				MTL_ENABLE_DEBUG_INFO = YES;
				ONLY_ACTIVE_ARCH = YES;
				SDKROOT = iphoneos;
				SWIFT_ACTIVE_COMPILATION_CONDITIONS = DEBUG;
				SWIFT_OPTIMIZATION_LEVEL = "-Onone";
				TARGETED_DEVICE_FAMILY = "1,2";
			};
			name = Debug;
		};
		F3DC2C561F42F52F006EE291 /* Release */ = {
			isa = XCBuildConfiguration;
			buildSettings = {
				ALWAYS_SEARCH_USER_PATHS = NO;
				CLANG_ANALYZER_NONNULL = YES;
				CLANG_CXX_LANGUAGE_STANDARD = "gnu++0x";
				CLANG_CXX_LIBRARY = "libc++";
				CLANG_ENABLE_MODULES = YES;
				CLANG_ENABLE_OBJC_ARC = YES;
				CLANG_WARN_BOOL_CONVERSION = YES;
				CLANG_WARN_CONSTANT_CONVERSION = YES;
				CLANG_WARN_DIRECT_OBJC_ISA_USAGE = YES_ERROR;
				CLANG_WARN_DOCUMENTATION_COMMENTS = YES;
				CLANG_WARN_EMPTY_BODY = YES;
				CLANG_WARN_ENUM_CONVERSION = YES;
				CLANG_WARN_INFINITE_RECURSION = YES;
				CLANG_WARN_INT_CONVERSION = YES;
				CLANG_WARN_OBJC_ROOT_CLASS = YES_ERROR;
				CLANG_WARN_SUSPICIOUS_MOVE = YES;
				CLANG_WARN_UNREACHABLE_CODE = YES;
				CLANG_WARN__DUPLICATE_METHOD_MATCH = YES;
				"CODE_SIGN_IDENTITY[sdk=iphoneos*]" = "iPhone Developer";
				COPY_PHASE_STRIP = NO;
				DEBUG_INFORMATION_FORMAT = "dwarf-with-dsym";
				ENABLE_NS_ASSERTIONS = NO;
				ENABLE_STRICT_OBJC_MSGSEND = YES;
				GCC_C_LANGUAGE_STANDARD = gnu99;
				GCC_NO_COMMON_BLOCKS = YES;
				GCC_WARN_64_TO_32_BIT_CONVERSION = YES;
				GCC_WARN_ABOUT_RETURN_TYPE = YES_ERROR;
				GCC_WARN_UNDECLARED_SELECTOR = YES;
				GCC_WARN_UNINITIALIZED_AUTOS = YES_AGGRESSIVE;
				GCC_WARN_UNUSED_FUNCTION = YES;
				GCC_WARN_UNUSED_VARIABLE = YES;
				IPHONEOS_DEPLOYMENT_TARGET = 10.2;
				MTL_ENABLE_DEBUG_INFO = NO;
				SDKROOT = iphoneos;
				SWIFT_OPTIMIZATION_LEVEL = "-Owholemodule";
				TARGETED_DEVICE_FAMILY = "1,2";
				VALIDATE_PRODUCT = YES;
			};
			name = Release;
		};
		F3DC2C581F42F52F006EE291 /* Debug */ = {
			isa = XCBuildConfiguration;
			buildSettings = {
				ASSETCATALOG_COMPILER_APPICON_NAME = AppIcon;
				DEVELOPMENT_TEAM = BSVL9F3FHA;
				INFOPLIST_FILE = ShowGit/Info.plist;
				LD_RUNPATH_SEARCH_PATHS = "$(inherited) @executable_path/Frameworks";
				PRODUCT_BUNDLE_IDENTIFIER = com.aaa.ShowGit;
				PRODUCT_NAME = "$(TARGET_NAME)";
				SWIFT_VERSION = 3.0;
			};
			name = Debug;
		};
		F3DC2C591F42F52F006EE291 /* Release */ = {
			isa = XCBuildConfiguration;
			buildSettings = {
				ASSETCATALOG_COMPILER_APPICON_NAME = AppIcon;
				DEVELOPMENT_TEAM = BSVL9F3FHA;
				INFOPLIST_FILE = ShowGit/Info.plist;
				LD_RUNPATH_SEARCH_PATHS = "$(inherited) @executable_path/Frameworks";
				PRODUCT_BUNDLE_IDENTIFIER = com.aaa.ShowGit;
				PRODUCT_NAME = "$(TARGET_NAME)";
				SWIFT_VERSION = 3.0;
			};
			name = Release;
		};
		F3DC2C5B1F42F52F006EE291 /* Debug */ = {
			isa = XCBuildConfiguration;
			buildSettings = {
				ALWAYS_EMBED_SWIFT_STANDARD_LIBRARIES = YES;
				BUNDLE_LOADER = "$(TEST_HOST)";
				DEVELOPMENT_TEAM = BSVL9F3FHA;
				INFOPLIST_FILE = ShowGitTests/Info.plist;
				LD_RUNPATH_SEARCH_PATHS = "$(inherited) @executable_path/Frameworks @loader_path/Frameworks";
				PRODUCT_BUNDLE_IDENTIFIER = com.aaa.ShowGitTests;
				PRODUCT_NAME = "$(TARGET_NAME)";
				SWIFT_VERSION = 3.0;
				TEST_HOST = "$(BUILT_PRODUCTS_DIR)/ShowGit.app/ShowGit";
			};
			name = Debug;
		};
		F3DC2C5C1F42F52F006EE291 /* Release */ = {
			isa = XCBuildConfiguration;
			buildSettings = {
				ALWAYS_EMBED_SWIFT_STANDARD_LIBRARIES = YES;
				BUNDLE_LOADER = "$(TEST_HOST)";
				DEVELOPMENT_TEAM = BSVL9F3FHA;
				INFOPLIST_FILE = ShowGitTests/Info.plist;
				LD_RUNPATH_SEARCH_PATHS = "$(inherited) @executable_path/Frameworks @loader_path/Frameworks";
				PRODUCT_BUNDLE_IDENTIFIER = com.aaa.ShowGitTests;
				PRODUCT_NAME = "$(TARGET_NAME)";
				SWIFT_VERSION = 3.0;
				TEST_HOST = "$(BUILT_PRODUCTS_DIR)/ShowGit.app/ShowGit";
			};
			name = Release;
		};
		F3DC2C5E1F42F52F006EE291 /* Debug */ = {
			isa = XCBuildConfiguration;
			buildSettings = {
				ALWAYS_EMBED_SWIFT_STANDARD_LIBRARIES = YES;
				DEVELOPMENT_TEAM = BSVL9F3FHA;
				INFOPLIST_FILE = ShowGitUITests/Info.plist;
				LD_RUNPATH_SEARCH_PATHS = "$(inherited) @executable_path/Frameworks @loader_path/Frameworks";
				PRODUCT_BUNDLE_IDENTIFIER = com.aaa.ShowGitUITests;
				PRODUCT_NAME = "$(TARGET_NAME)";
				SWIFT_VERSION = 3.0;
				TEST_TARGET_NAME = ShowGit;
			};
			name = Debug;
		};
		F3DC2C5F1F42F52F006EE291 /* Release */ = {
			isa = XCBuildConfiguration;
			buildSettings = {
				ALWAYS_EMBED_SWIFT_STANDARD_LIBRARIES = YES;
				DEVELOPMENT_TEAM = BSVL9F3FHA;
				INFOPLIST_FILE = ShowGitUITests/Info.plist;
				LD_RUNPATH_SEARCH_PATHS = "$(inherited) @executable_path/Frameworks @loader_path/Frameworks";
				PRODUCT_BUNDLE_IDENTIFIER = com.aaa.ShowGitUITests;
				PRODUCT_NAME = "$(TARGET_NAME)";
				SWIFT_VERSION = 3.0;
				TEST_TARGET_NAME = ShowGit;
			};
			name = Release;
		};
/* End XCBuildConfiguration section */

/* Begin XCConfigurationList section */
		F3DC2C2A1F42F52F006EE291 /* Build configuration list for PBXProject "ShowGit" */ = {
			isa = XCConfigurationList;
			buildConfigurations = (
				F3DC2C551F42F52F006EE291 /* Debug */,
				F3DC2C561F42F52F006EE291 /* Release */,
			);
			defaultConfigurationIsVisible = 0;
			defaultConfigurationName = Release;
		};
		F3DC2C571F42F52F006EE291 /* Build configuration list for PBXNativeTarget "ShowGit" */ = {
			isa = XCConfigurationList;
			buildConfigurations = (
				F3DC2C581F42F52F006EE291 /* Debug */,
				F3DC2C591F42F52F006EE291 /* Release */,
			);
			defaultConfigurationIsVisible = 0;
		};
		F3DC2C5A1F42F52F006EE291 /* Build configuration list for PBXNativeTarget "ShowGitTests" */ = {
			isa = XCConfigurationList;
			buildConfigurations = (
				F3DC2C5B1F42F52F006EE291 /* Debug */,
				F3DC2C5C1F42F52F006EE291 /* Release */,
			);
			defaultConfigurationIsVisible = 0;
		};
		F3DC2C5D1F42F52F006EE291 /* Build configuration list for PBXNativeTarget "ShowGitUITests" */ = {
			isa = XCConfigurationList;
			buildConfigurations = (
				F3DC2C5E1F42F52F006EE291 /* Debug */,
				F3DC2C5F1F42F52F006EE291 /* Release */,
			);
			defaultConfigurationIsVisible = 0;
		};
/* End XCConfigurationList section */
	};
	rootObject = F3DC2C271F42F52F006EE291 /* Project object */;
}
